PODS:
  - SwiftGen (6.3.0)
  - SwiftLint (0.40.2)
  - XCTest-Gherkin (0.19.2):
    - XCTest-Gherkin/Core (= 0.19.2)
  - XCTest-Gherkin/Core (0.19.2)
  - XCTest-Gherkin/Native (0.19.2):
    - XCTest-Gherkin/Core

DEPENDENCIES:
  - SwiftGen (= 6.3.0)
  - SwiftLint (= 0.40.2)
  - XCTest-Gherkin (~> 0.19.2)
  - XCTest-Gherkin/Native

SPEC REPOS:
  trunk:
    - SwiftGen
    - SwiftLint
    - XCTest-Gherkin

SPEC CHECKSUMS:
  SwiftGen: 3d5024a47ea79e408cded20763d7a17d18a4548c
  SwiftLint: 1216c910d27c2633ade33b4f071bb6b930982e62
  XCTest-Gherkin: 835528872811b20918ec37cc1cfff1f88c838450

PODFILE CHECKSUM: 874b9905344001d253bc4e87d4c5e862e02fb7d1

COCOAPODS: 1.10.1
